
Microsoft Visual Studio Solution File, Format Version 12.00
# Visual Studio Version 16
VisualStudioVersion = 16.0.31624.102
MinimumVisualStudioVersion = 10.0.40219.1
Project("{9A19103F-16F7-4668-BE54-9A1E7A4F7556}") = "Vehicles.Common", "Vehicles.Common\Vehicles.Common.csproj", "{98AD5C95-CB02-4E79-BC90-8B06717247B9}"
EndProject
Project("{FAE04EC0-301F-11D3-BF4B-00C04F79EFBC}") = "Vehicles.API", "Vehicles.API\Vehicles.API.csproj", "{81AD9FC3-DAC0-4852-919A-94EA18B38540}"
EndProject
Global
	GlobalSection(SolutionConfigurationPlatforms) = preSolution
		Debug|Any CPU = Debug|Any CPU
		Release|Any CPU = Release|Any CPU
	EndGlobalSection
	GlobalSection(ProjectConfigurationPlatforms) = postSolution
		{98AD5C95-CB02-4E79-BC90-8B06717247B9}.Debug|Any CPU.ActiveCfg = Debug|Any CPU
		{98AD5C95-CB02-4E79-BC90-8B06717247B9}.Debug|Any CPU.Build.0 = Debug|Any CPU
		{98AD5C95-CB02-4E79-BC90-8B06717247B9}.Release|Any CPU.ActiveCfg = Release|Any CPU
		{98AD5C95-CB02-4E79-BC90-8B06717247B9}.Release|Any CPU.Build.0 = Release|Any CPU
		{81AD9FC3-DAC0-4852-919A-94EA18B38540}.Debug|Any CPU.ActiveCfg = Debug|Any CPU
		{81AD9FC3-DAC0-4852-919A-94EA18B38540}.Debug|Any CPU.Build.0 = Debug|Any CPU
		{81AD9FC3-DAC0-4852-919A-94EA18B38540}.Release|Any CPU.ActiveCfg = Release|Any CPU
		{81AD9FC3-DAC0-4852-919A-94EA18B38540}.Release|Any CPU.Build.0 = Release|Any CPU
	EndGlobalSection
	GlobalSection(SolutionProperties) = preSolution
		HideSolutionNode = FALSE
	EndGlobalSection
	GlobalSection(ExtensibilityGlobals) = postSolution
		SolutionGuid = {2DF2597B-09F2-4F33-88F4-A273C5D95FD5}
	EndGlobalSection
EndGlobal
